
Microsoft Visual Studio Solution File, Format Version 12.00
# Visual Studio Version 16
VisualStudioVersion = 16.0.29920.165
MinimumVisualStudioVersion = 10.0.40219.1
Project("{FAE04EC0-301F-11D3-BF4B-00C04F79EFBC}") = "HackUpp.Android", "HackUpp\HackUpp.Android\HackUpp.Android.csproj", "{56F7759B-2DB0-41EA-8202-4C81E5A0100A}"
EndProject
Project("{FAE04EC0-301F-11D3-BF4B-00C04F79EFBC}") = "HackUpp.iOS", "HackUpp\HackUpp.iOS\HackUpp.iOS.csproj", "{FD8E88DC-D3C2-49A8-AD02-75159F432D8B}"
EndProject
Project("{9A19103F-16F7-4668-BE54-9A1E7A4F7556}") = "HackUpp", "HackUpp\HackUpp\HackUpp.csproj", "{8F35E634-674C-4907-906B-62E9C4739F1F}"
EndProject
Global
	GlobalSection(SolutionConfigurationPlatforms) = preSolution
		Debug|Any CPU = Debug|Any CPU
		Debug|iPhone = Debug|iPhone
		Debug|iPhoneSimulator = Debug|iPhoneSimulator
		Release|Any CPU = Release|Any CPU
		Release|iPhone = Release|iPhone
		Release|iPhoneSimulator = Release|iPhoneSimulator
	EndGlobalSection
	GlobalSection(ProjectConfigurationPlatforms) = postSolution
		{56F7759B-2DB0-41EA-8202-4C81E5A0100A}.Debug|Any CPU.ActiveCfg = Debug|Any CPU
		{56F7759B-2DB0-41EA-8202-4C81E5A0100A}.Debug|Any CPU.Build.0 = Debug|Any CPU
		{56F7759B-2DB0-41EA-8202-4C81E5A0100A}.Debug|Any CPU.Deploy.0 = Debug|Any CPU
		{56F7759B-2DB0-41EA-8202-4C81E5A0100A}.Debug|iPhone.ActiveCfg = Debug|Any CPU
		{56F7759B-2DB0-41EA-8202-4C81E5A0100A}.Debug|iPhone.Build.0 = Debug|Any CPU
		{56F7759B-2DB0-41EA-8202-4C81E5A0100A}.Debug|iPhone.Deploy.0 = Debug|Any CPU
		{56F7759B-2DB0-41EA-8202-4C81E5A0100A}.Debug|iPhoneSimulator.ActiveCfg = Debug|Any CPU
		{56F7759B-2DB0-41EA-8202-4C81E5A0100A}.Debug|iPhoneSimulator.Build.0 = Debug|Any CPU
		{56F7759B-2DB0-41EA-8202-4C81E5A0100A}.Debug|iPhoneSimulator.Deploy.0 = Debug|Any CPU
		{56F7759B-2DB0-41EA-8202-4C81E5A0100A}.Release|Any CPU.ActiveCfg = Release|Any CPU
		{56F7759B-2DB0-41EA-8202-4C81E5A0100A}.Release|Any CPU.Build.0 = Release|Any CPU
		{56F7759B-2DB0-41EA-8202-4C81E5A0100A}.Release|Any CPU.Deploy.0 = Release|Any CPU
		{56F7759B-2DB0-41EA-8202-4C81E5A0100A}.Release|iPhone.ActiveCfg = Release|Any CPU
		{56F7759B-2DB0-41EA-8202-4C81E5A0100A}.Release|iPhone.Build.0 = Release|Any CPU
		{56F7759B-2DB0-41EA-8202-4C81E5A0100A}.Release|iPhone.Deploy.0 = Release|Any CPU
		{56F7759B-2DB0-41EA-8202-4C81E5A0100A}.Release|iPhoneSimulator.ActiveCfg = Release|Any CPU
		{56F7759B-2DB0-41EA-8202-4C81E5A0100A}.Release|iPhoneSimulator.Build.0 = Release|Any CPU
		{56F7759B-2DB0-41EA-8202-4C81E5A0100A}.Release|iPhoneSimulator.Deploy.0 = Release|Any CPU
		{FD8E88DC-D3C2-49A8-AD02-75159F432D8B}.Debug|Any CPU.ActiveCfg = Debug|iPhone
		{FD8E88DC-D3C2-49A8-AD02-75159F432D8B}.Debug|Any CPU.Build.0 = Debug|iPhone
		{FD8E88DC-D3C2-49A8-AD02-75159F432D8B}.Debug|Any CPU.Deploy.0 = Debug|iPhone
		{FD8E88DC-D3C2-49A8-AD02-75159F432D8B}.Debug|iPhone.ActiveCfg = Debug|iPhone
		{FD8E88DC-D3C2-49A8-AD02-75159F432D8B}.Debug|iPhone.Build.0 = Debug|iPhone
		{FD8E88DC-D3C2-49A8-AD02-75159F432D8B}.Debug|iPhone.Deploy.0 = Debug|iPhone
		{FD8E88DC-D3C2-49A8-AD02-75159F432D8B}.Debug|iPhoneSimulator.ActiveCfg = Debug|iPhoneSimulator
		{FD8E88DC-D3C2-49A8-AD02-75159F432D8B}.Debug|iPhoneSimulator.Build.0 = Debug|iPhoneSimulator
		{FD8E88DC-D3C2-49A8-AD02-75159F432D8B}.Debug|iPhoneSimulator.Deploy.0 = Debug|iPhoneSimulator
		{FD8E88DC-D3C2-49A8-AD02-75159F432D8B}.Release|Any CPU.ActiveCfg = Release|iPhone
		{FD8E88DC-D3C2-49A8-AD02-75159F432D8B}.Release|Any CPU.Build.0 = Release|iPhone
		{FD8E88DC-D3C2-49A8-AD02-75159F432D8B}.Release|Any CPU.Deploy.0 = Release|iPhone
		{FD8E88DC-D3C2-49A8-AD02-75159F432D8B}.Release|iPhone.ActiveCfg = Release|iPhone
		{FD8E88DC-D3C2-49A8-AD02-75159F432D8B}.Release|iPhone.Build.0 = Release|iPhone
		{FD8E88DC-D3C2-49A8-AD02-75159F432D8B}.Release|iPhone.Deploy.0 = Release|iPhone
		{FD8E88DC-D3C2-49A8-AD02-75159F432D8B}.Release|iPhoneSimulator.ActiveCfg = Release|iPhoneSimulator
		{FD8E88DC-D3C2-49A8-AD02-75159F432D8B}.Release|iPhoneSimulator.Build.0 = Release|iPhoneSimulator
		{FD8E88DC-D3C2-49A8-AD02-75159F432D8B}.Release|iPhoneSimulator.Deploy.0 = Release|iPhoneSimulator
		{8F35E634-674C-4907-906B-62E9C4739F1F}.Debug|Any CPU.ActiveCfg = Debug|Any CPU
		{8F35E634-674C-4907-906B-62E9C4739F1F}.Debug|Any CPU.Build.0 = Debug|Any CPU
		{8F35E634-674C-4907-906B-62E9C4739F1F}.Debug|Any CPU.Deploy.0 = Debug|Any CPU
		{8F35E634-674C-4907-906B-62E9C4739F1F}.Debug|iPhone.ActiveCfg = Debug|Any CPU
		{8F35E634-674C-4907-906B-62E9C4739F1F}.Debug|iPhone.Build.0 = Debug|Any CPU
		{8F35E634-674C-4907-906B-62E9C4739F1F}.Debug|iPhone.Deploy.0 = Debug|Any CPU
		{8F35E634-674C-4907-906B-62E9C4739F1F}.Debug|iPhoneSimulator.ActiveCfg = Debug|Any CPU
		{8F35E634-674C-4907-906B-62E9C4739F1F}.Debug|iPhoneSimulator.Build.0 = Debug|Any CPU
		{8F35E634-674C-4907-906B-62E9C4739F1F}.Debug|iPhoneSimulator.Deploy.0 = Debug|Any CPU
		{8F35E634-674C-4907-906B-62E9C4739F1F}.Release|Any CPU.ActiveCfg = Release|Any CPU
		{8F35E634-674C-4907-906B-62E9C4739F1F}.Release|Any CPU.Build.0 = Release|Any CPU
		{8F35E634-674C-4907-906B-62E9C4739F1F}.Release|Any CPU.Deploy.0 = Release|Any CPU
		{8F35E634-674C-4907-906B-62E9C4739F1F}.Release|iPhone.ActiveCfg = Release|Any CPU
		{8F35E634-674C-4907-906B-62E9C4739F1F}.Release|iPhone.Build.0 = Release|Any CPU
		{8F35E634-674C-4907-906B-62E9C4739F1F}.Release|iPhone.Deploy.0 = Release|Any CPU
		{8F35E634-674C-4907-906B-62E9C4739F1F}.Release|iPhoneSimulator.ActiveCfg = Release|Any CPU
		{8F35E634-674C-4907-906B-62E9C4739F1F}.Release|iPhoneSimulator.Build.0 = Release|Any CPU
		{8F35E634-674C-4907-906B-62E9C4739F1F}.Release|iPhoneSimulator.Deploy.0 = Release|Any CPU
	EndGlobalSection
	GlobalSection(SolutionProperties) = preSolution
		HideSolutionNode = FALSE
	EndGlobalSection
	GlobalSection(ExtensibilityGlobals) = postSolution
		SolutionGuid = {6D478C5A-C444-4B66-953C-A1041F50B704}
	EndGlobalSection
EndGlobal
